# This file was autogenerated by Stack.
# You should not edit this file by hand.
# For more information, please see the documentation at:
#   https://docs.haskellstack.org/en/stable/lock_files

packages:
- completed:
    hackage: AC-Boolean-1.1.0@sha256:63f73587fa1220c93498751fc7004252660173d0606b4337db845b9bb2053bbf,1023
    pantry-tree:
      size: 215
      sha256: e2122f0264c2cc9d96e7543ab1c0fcf85223c8891e459f0c5bec5d0e2935fedb
  original:
    hackage: AC-Boolean-1.1.0@sha256:63f73587fa1220c93498751fc7004252660173d0606b4337db845b9bb2053bbf,1023
snapshots:
- completed:
    size: 532835
    url: https://raw.githubusercontent.com/commercialhaskell/stackage-snapshots/master/lts/16/24.yaml
    sha256: cf2b52420b2262fe9cf0f6744929120131abd6675b1c3fb2d8b155a47f80d103
  original: lts-16.24
